
Microsoft Visual Studio Solution File, Format Version 12.00
# Visual Studio 15
VisualStudioVersion = 15.0.28307.168
MinimumVisualStudioVersion = 10.0.40219.1
Project("{FAE04EC0-301F-11D3-BF4B-00C04F79EFBC}") = "Charshyia.Web", "Charshyia.Web\Charshyia.Web.csproj", "{4F759FED-2B37-4E6C-8CDA-F876B2FF7E4D}"
EndProject
Project("{FAE04EC0-301F-11D3-BF4B-00C04F79EFBC}") = "Charshyia.Data", "Charshyia.Data\Charshyia.Data.csproj", "{DDCF1FEC-5458-478A-8839-93882823DEF2}"
EndProject
Global
	GlobalSection(SolutionConfigurationPlatforms) = preSolution
		Debug|Any CPU = Debug|Any CPU
		Release|Any CPU = Release|Any CPU
	EndGlobalSection
	GlobalSection(ProjectConfigurationPlatforms) = postSolution
		{4F759FED-2B37-4E6C-8CDA-F876B2FF7E4D}.Debug|Any CPU.ActiveCfg = Debug|Any CPU
		{4F759FED-2B37-4E6C-8CDA-F876B2FF7E4D}.Debug|Any CPU.Build.0 = Debug|Any CPU
		{4F759FED-2B37-4E6C-8CDA-F876B2FF7E4D}.Release|Any CPU.ActiveCfg = Release|Any CPU
		{4F759FED-2B37-4E6C-8CDA-F876B2FF7E4D}.Release|Any CPU.Build.0 = Release|Any CPU
		{DDCF1FEC-5458-478A-8839-93882823DEF2}.Debug|Any CPU.ActiveCfg = Debug|Any CPU
		{DDCF1FEC-5458-478A-8839-93882823DEF2}.Debug|Any CPU.Build.0 = Debug|Any CPU
		{DDCF1FEC-5458-478A-8839-93882823DEF2}.Release|Any CPU.ActiveCfg = Release|Any CPU
		{DDCF1FEC-5458-478A-8839-93882823DEF2}.Release|Any CPU.Build.0 = Release|Any CPU
	EndGlobalSection
	GlobalSection(SolutionProperties) = preSolution
		HideSolutionNode = FALSE
	EndGlobalSection
	GlobalSection(ExtensibilityGlobals) = postSolution
		SolutionGuid = {5DA4CFCD-4E37-4A26-A737-6C9A2FB04421}
	EndGlobalSection
EndGlobal
